
Microsoft Visual Studio Solution File, Format Version 12.00
# Visual Studio Version 16
VisualStudioVersion = 16.0.32630.194
MinimumVisualStudioVersion = 10.0.40219.1
Project("{FAE04EC0-301F-11D3-BF4B-00C04F79EFBC}") = "WebApplication7", "WebApplication7\WebApplication7.csproj", "{F08E360D-C1A7-4D6C-963B-E38530EAAA95}"
EndProject
Global
	GlobalSection(SolutionConfigurationPlatforms) = preSolution
		Debug|Any CPU = Debug|Any CPU
		Release|Any CPU = Release|Any CPU
	EndGlobalSection
	GlobalSection(ProjectConfigurationPlatforms) = postSolution
		{F08E360D-C1A7-4D6C-963B-E38530EAAA95}.Debug|Any CPU.ActiveCfg = Debug|Any CPU
		{F08E360D-C1A7-4D6C-963B-E38530EAAA95}.Debug|Any CPU.Build.0 = Debug|Any CPU
		{F08E360D-C1A7-4D6C-963B-E38530EAAA95}.Release|Any CPU.ActiveCfg = Release|Any CPU
		{F08E360D-C1A7-4D6C-963B-E38530EAAA95}.Release|Any CPU.Build.0 = Release|Any CPU
	EndGlobalSection
	GlobalSection(SolutionProperties) = preSolution
		HideSolutionNode = FALSE
	EndGlobalSection
	GlobalSection(ExtensibilityGlobals) = postSolution
		SolutionGuid = {9EFAB4CE-9406-45D8-8995-C48477AFC01B}
	EndGlobalSection
EndGlobal
